
Microsoft Visual Studio Solution File, Format Version 11.00
# Visual Studio 2010
Project("{FAE04EC0-301F-11D3-BF4B-00C04F79EFBC}") = "Assembly-CSharp", "Assembly-CSharp.csproj", "{f5a128b8-525b-7119-a613-a520bf4f7ad5}"
EndProject
Project("{FAE04EC0-301F-11D3-BF4B-00C04F79EFBC}") = "Assembly-CSharp-Editor", "Assembly-CSharp-Editor.csproj", "{729bc88b-e8e8-c53b-34c7-d636b0d0e68c}"
EndProject
Global
	GlobalSection(SolutionConfigurationPlatforms) = preSolution
		Debug|Any CPU = Debug|Any CPU
	EndGlobalSection
	GlobalSection(ProjectConfigurationPlatforms) = postSolution
		{f5a128b8-525b-7119-a613-a520bf4f7ad5}.Debug|Any CPU.ActiveCfg = Debug|Any CPU
		{f5a128b8-525b-7119-a613-a520bf4f7ad5}.Debug|Any CPU.Build.0 = Debug|Any CPU
		{729bc88b-e8e8-c53b-34c7-d636b0d0e68c}.Debug|Any CPU.ActiveCfg = Debug|Any CPU
		{729bc88b-e8e8-c53b-34c7-d636b0d0e68c}.Debug|Any CPU.Build.0 = Debug|Any CPU
	EndGlobalSection
	GlobalSection(SolutionProperties) = preSolution
		HideSolutionNode = FALSE
	EndGlobalSection
EndGlobal
